<?xml version="1.0" encoding="utf-8"?>
<Project ToolsVersion="4.0" xmlns="http://schemas.microsoft.com/developer/msbuild/2003">
  <ItemGroup>
    <Filter Include="Source Files">
      <UniqueIdentifier>{4FC737F1-C7A5-4376-A066-2A32D752A2FF}</UniqueIdentifier>
      <Extensions>cpp;c;cc;cxx;def;odl;idl;hpj;bat;asm;asmx</Extensions>
    </Filter>
    <Filter Include="Header Files">
      <UniqueIdentifier>{93995380-89BD-4b04-88EB-625FBE52EBFB}</UniqueIdentifier>
      <Extensions>h;hh;hpp;hxx;hm;inl;inc;xsd</Extensions>
    </Filter>
    <Filter Include="Resource Files">
      <UniqueIdentifier>{67DA6AB6-F800-4c08-8B7A-83BB121AAD01}</UniqueIdentifier>
      <Extensions>rc;ico;cur;bmp;dlg;rc2;rct;bin;rgs;gif;jpg;jpeg;jpe;resx;tiff;tif;png;wav;mfcribbon-ms</Extensions>
    </Filter>
  </ItemGroup>
  <ItemGroup>
    <ClCompile Include="Main.cpp">
      <Filter>Source Files</Filter>
    </ClCompile>
  </ItemGroup>
  <ItemGroup>
    <ClInclude Include="include\tml.hpp">
      <Filter>Header Files</Filter>
    </ClInclude>
    <ClInclude Include="include\matrix\Matrix.hpp">
      <Filter>Header Files</Filter>
    </ClInclude>
    <ClInclude Include="include\matrix\Shape.hpp">
      <Filter>Header Files</Filter>
    </ClInclude>
    <ClInclude Include="include\ops\lazy\Expr.hpp">
      <Filter>Header Files</Filter>
    </ClInclude>
    <ClInclude Include="include\ops\lazy\BinaryOP.hpp">
      <Filter>Header Files</Filter>
    </ClInclude>
    <ClInclude Include="include\ops\lazy\LazyOPs.hpp">
      <Filter>Header Files</Filter>
    </ClInclude>
    <ClInclude Include="include\ops\lazy\LazyEvaluation.hpp">
      <Filter>Header Files</Filter>
    </ClInclude>
    <ClInclude Include="include\ops\lazy\ScalarExpr.hpp">
      <Filter>Header Files</Filter>
    </ClInclude>
    <ClInclude Include="include\ops\lazy\UnaryOP.hpp">
      <Filter>Header Files</Filter>
    </ClInclude>
    <ClInclude Include="include\ops\lazy\unary\Abs.hpp">
      <Filter>Header Files</Filter>
    </ClInclude>
    <ClInclude Include="include\ops\lazy\binary\Add.hpp">
      <Filter>Header Files</Filter>
    </ClInclude>
    <ClInclude Include="include\ops\lazy\unary\Cos.hpp">
      <Filter>Header Files</Filter>
    </ClInclude>
    <ClInclude Include="include\ops\lazy\unary\Cosh.hpp">
      <Filter>Header Files</Filter>
    </ClInclude>
    <ClInclude Include="include\ops\lazy\unary\Cot.hpp">
      <Filter>Header Files</Filter>
    </ClInclude>
    <ClInclude Include="include\ops\lazy\binary\Div.hpp">
      <Filter>Header Files</Filter>
    </ClInclude>
    <ClInclude Include="include\ops\lazy\unary\Exp.hpp">
      <Filter>Header Files</Filter>
    </ClInclude>
    <ClInclude Include="include\ops\lazy\unary\Log.hpp">
      <Filter>Header Files</Filter>
    </ClInclude>
    <ClInclude Include="include\ops\lazy\binary\Mul.hpp">
      <Filter>Header Files</Filter>
    </ClInclude>
    <ClInclude Include="include\ops\lazy\unary\Neg.hpp">
      <Filter>Header Files</Filter>
    </ClInclude>
    <ClInclude Include="include\ops\lazy\unary\Sin.hpp">
      <Filter>Header Files</Filter>
    </ClInclude>
    <ClInclude Include="include\ops\lazy\unary\Sinh.hpp">
      <Filter>Header Files</Filter>
    </ClInclude>
    <ClInclude Include="include\ops\lazy\unary\Sqrt.hpp">
      <Filter>Header Files</Filter>
    </ClInclude>
    <ClInclude Include="include\ops\lazy\unary\Square.hpp">
      <Filter>Header Files</Filter>
    </ClInclude>
    <ClInclude Include="include\ops\lazy\binary\Sub.hpp">
      <Filter>Header Files</Filter>
    </ClInclude>
    <ClInclude Include="include\ops\lazy\unary\Tan.hpp">
      <Filter>Header Files</Filter>
    </ClInclude>
    <ClInclude Include="include\ops\lazy\unary\Tanh.hpp">
      <Filter>Header Files</Filter>
    </ClInclude>
    <ClInclude Include="include\ops\lazy\binary\Equal.hpp">
      <Filter>Header Files</Filter>
    </ClInclude>
    <ClInclude Include="include\ops\lazy\binary\NotEqual.hpp">
      <Filter>Header Files</Filter>
    </ClInclude>
    <ClInclude Include="include\ops\lazy\binary\GreaterThan.hpp">
      <Filter>Header Files</Filter>
    </ClInclude>
    <ClInclude Include="include\ops\lazy\binary\LessThan.hpp">
      <Filter>Header Files</Filter>
    </ClInclude>
    <ClInclude Include="include\ops\lazy\binary\GreaterEqualThan.hpp">
      <Filter>Header Files</Filter>
    </ClInclude>
    <ClInclude Include="include\ops\lazy\binary\LessEqualThan.hpp">
      <Filter>Header Files</Filter>
    </ClInclude>
    <ClInclude Include="include\ops\lazy\binary\Maximum.hpp">
      <Filter>Header Files</Filter>
    </ClInclude>
    <ClInclude Include="include\ops\lazy\binary\Minimum.hpp">
      <Filter>Header Files</Filter>
    </ClInclude>
    <ClInclude Include="include\ops\lazy\binary\Pow.hpp">
      <Filter>Header Files</Filter>
    </ClInclude>
    <ClInclude Include="include\ops\lazy\binary\Reshape.hpp">
      <Filter>Header Files</Filter>
    </ClInclude>
    <ClInclude Include="include\ops\lazy\ReshapeOP.hpp">
      <Filter>Header Files</Filter>
    </ClInclude>
    <ClInclude Include="include\ops\lazy\CustomLazyOP.hpp">
      <Filter>Header Files</Filter>
    </ClInclude>
    <ClInclude Include="include\ops\eager\ExecutionPolicy.hpp">
      <Filter>Header Files</Filter>
    </ClInclude>
    <ClInclude Include="include\ops\eager\serial\SerialUnaryOP.hpp">
      <Filter>Header Files</Filter>
    </ClInclude>
    <ClInclude Include="include\ops\eager\EagerUnaryOPs.hpp">
      <Filter>Header Files</Filter>
    </ClInclude>
    <ClInclude Include="include\ops\eager\EagerBinaryOPs.hpp">
      <Filter>Header Files</Filter>
    </ClInclude>
    <ClInclude Include="include\ops\eager\serial\SerialBinaryOP.hpp">
      <Filter>Header Files</Filter>
    </ClInclude>
    <ClInclude Include="include\ops\eager\binary\Add.hpp">
      <Filter>Header Files</Filter>
    </ClInclude>
    <ClInclude Include="include\ops\eager\binary\Sub.hpp">
      <Filter>Header Files</Filter>
    </ClInclude>
    <ClInclude Include="include\ops\eager\binary\Mul.hpp">
      <Filter>Header Files</Filter>
    </ClInclude>
    <ClInclude Include="include\ops\eager\binary\Div.hpp">
      <Filter>Header Files</Filter>
    </ClInclude>
    <ClInclude Include="include\ops\eager\binary\Equal.hpp">
      <Filter>Header Files</Filter>
    </ClInclude>
    <ClInclude Include="include\ops\eager\binary\NotEqual.hpp">
      <Filter>Header Files</Filter>
    </ClInclude>
    <ClInclude Include="include\ops\eager\binary\GreaterThan.hpp">
      <Filter>Header Files</Filter>
    </ClInclude>
    <ClInclude Include="include\ops\eager\binary\LessThan.hpp">
      <Filter>Header Files</Filter>
    </ClInclude>
    <ClInclude Include="include\ops\eager\binary\GraterEqualThan.hpp">
      <Filter>Header Files</Filter>
    </ClInclude>
    <ClInclude Include="include\ops\eager\binary\LessEqualThan.hpp">
      <Filter>Header Files</Filter>
    </ClInclude>
    <ClInclude Include="include\ops\eager\binary\Maximum.hpp">
      <Filter>Header Files</Filter>
    </ClInclude>
    <ClInclude Include="include\ops\eager\binary\Minimum.hpp">
      <Filter>Header Files</Filter>
    </ClInclude>
    <ClInclude Include="include\ops\eager\binary\Pow.hpp">
      <Filter>Header Files</Filter>
    </ClInclude>
    <ClInclude Include="include\ops\eager\binary\Reshape.hpp">
      <Filter>Header Files</Filter>
    </ClInclude>
    <ClInclude Include="include\ops\eager\binary\CustomBinaryOP.hpp">
      <Filter>Header Files</Filter>
    </ClInclude>
    <ClInclude Include="include\ops\eager\serial\SerialTranspose.hpp">
      <Filter>Header Files</Filter>
    </ClInclude>
    <ClInclude Include="include\ops\eager\EagerTranspose.hpp">
      <Filter>Header Files</Filter>
    </ClInclude>
    <ClInclude Include="include\ops\eager\parallel\ParallelTranspose.hpp">
      <Filter>Header Files</Filter>
    </ClInclude>
    <ClInclude Include="include\ops\lazy\TransposeExpr.hpp">
      <Filter>Header Files</Filter>
    </ClInclude>
    <ClInclude Include="include\ops\lazy\LazyTranspose.hpp">
      <Filter>Header Files</Filter>
    </ClInclude>
    <ClInclude Include="include\ops\eager\EagerExecution.hpp">
      <Filter>Header Files</Filter>
    </ClInclude>
    <ClInclude Include="include\ops\eager\serial\SerialMatrixMultiplication.hpp">
      <Filter>Header Files</Filter>
    </ClInclude>
    <ClInclude Include="include\ops\eager\EagerMatrixMultiplication.hpp">
      <Filter>Header Files</Filter>
    </ClInclude>
    <ClInclude Include="include\ops\eager\parallel\ParallelMatrixMultiplication.hpp">
      <Filter>Header Files</Filter>
    </ClInclude>
    <ClInclude Include="include\ops\eager\serial\SerialSum.hpp">
      <Filter>Header Files</Filter>
    </ClInclude>
    <ClInclude Include="include\ops\eager\parallel\ParallelSum.hpp">
      <Filter>Header Files</Filter>
    </ClInclude>
    <ClInclude Include="include\ops\eager\serial\SerialMean.hpp">
      <Filter>Header Files</Filter>
    </ClInclude>
    <ClInclude Include="include\ops\eager\parallel\ParallelMean.hpp">
      <Filter>Header Files</Filter>
    </ClInclude>
    <ClInclude Include="include\ops\eager\serial\SerialMax.hpp">
      <Filter>Header Files</Filter>
    </ClInclude>
    <ClInclude Include="include\ops\eager\parallel\ParallelMax.hpp">
      <Filter>Header Files</Filter>
    </ClInclude>
    <ClInclude Include="include\ops\eager\serial\SerialMin.hpp">
      <Filter>Header Files</Filter>
    </ClInclude>
    <ClInclude Include="include\ops\eager\parallel\ParallelMin.hpp">
      <Filter>Header Files</Filter>
    </ClInclude>
    <ClInclude Include="include\ops\lazy\reduction\Sum.hpp">
      <Filter>Header Files</Filter>
    </ClInclude>
    <ClInclude Include="include\ops\lazy\ReductionExpr.hpp">
      <Filter>Header Files</Filter>
    </ClInclude>
    <ClInclude Include="include\ops\lazy\reduction\Mean.hpp">
      <Filter>Header Files</Filter>
    </ClInclude>
    <ClInclude Include="include\ops\lazy\reduction\Min.hpp">
      <Filter>Header Files</Filter>
    </ClInclude>
    <ClInclude Include="include\ops\lazy\reduction\Max.hpp">
      <Filter>Header Files</Filter>
    </ClInclude>
    <ClInclude Include="include\ops\lazy\LazyMatrixMultiplication.hpp">
      <Filter>Header Files</Filter>
    </ClInclude>
    <ClInclude Include="include\ops\lazy\MatmulExpr.hpp">
      <Filter>Header Files</Filter>
    </ClInclude>
    <ClInclude Include="include\ops\eager\serial\SerialArgmin.hpp">
      <Filter>Header Files</Filter>
    </ClInclude>
    <ClInclude Include="include\ops\eager\parallel\ParallelArgmin.hpp">
      <Filter>Header Files</Filter>
    </ClInclude>
    <ClInclude Include="include\ops\eager\serial\SerialArgmax.hpp">
      <Filter>Header Files</Filter>
    </ClInclude>
    <ClInclude Include="include\ops\eager\parallel\ParallelArgmax.hpp">
      <Filter>Header Files</Filter>
    </ClInclude>
    <ClInclude Include="include\ops\lazy\reduction\Argmin.hpp">
      <Filter>Header Files</Filter>
    </ClInclude>
    <ClInclude Include="include\ops\lazy\reduction\Argmax.hpp">
      <Filter>Header Files</Filter>
    </ClInclude>
    <ClInclude Include="include\ops\Assert.hpp">
      <Filter>Header Files</Filter>
    </ClInclude>
    <ClInclude Include="include\ops\eager\parallel\backends\tbb\TBBBackend.hpp">
      <Filter>Header Files</Filter>
    </ClInclude>
    <ClInclude Include="include\ops\eager\parallel\backends\stl\STLBackend.hpp">
      <Filter>Header Files</Filter>
    </ClInclude>
    <ClInclude Include="include\ops\eager\parallel\backends\opencl\OpenCLBackend.hpp">
      <Filter>Header Files</Filter>
    </ClInclude>
    <ClInclude Include="include\ops\eager\parallel\backends\omp\OMPBackend.hpp">
      <Filter>Header Files</Filter>
    </ClInclude>
    <ClInclude Include="include\ops\eager\parallel\backends\cuda\CudaBackend.hpp">
      <Filter>Header Files</Filter>
    </ClInclude>
    <ClInclude Include="include\ops\eager\parallel\backends\tbb\UnaryOP.hpp">
      <Filter>Header Files</Filter>
    </ClInclude>
    <ClInclude Include="include\ops\eager\parallel\backends\tbb\BinaryOP.hpp">
      <Filter>Header Files</Filter>
    </ClInclude>
    <ClInclude Include="include\ops\eager\parallel\backends\omp\UnaryOP.hpp">
      <Filter>Header Files</Filter>
    </ClInclude>
    <ClInclude Include="include\ops\eager\parallel\backends\omp\BinaryOP.hpp">
      <Filter>Header Files</Filter>
    </ClInclude>
    <ClInclude Include="include\ops\eager\base\UnaryOPBase.hpp">
      <Filter>Header Files</Filter>
    </ClInclude>
    <ClInclude Include="include\ops\eager\base\Base.hpp">
      <Filter>Header Files</Filter>
    </ClInclude>
    <ClInclude Include="include\ops\eager\base\BinaryOPBase.hpp">
      <Filter>Header Files</Filter>
    </ClInclude>
    <ClInclude Include="include\ops\eager\parallel\ParallelBinaryOP.hpp">
      <Filter>Header Files</Filter>
    </ClInclude>
    <ClInclude Include="include\ops\eager\parallel\ParallelUnaryOP.hpp">
      <Filter>Header Files</Filter>
    </ClInclude>
    <ClInclude Include="include\ops\eager\base\TransposeBase.hpp">
      <Filter>Header Files</Filter>
    </ClInclude>
    <ClInclude Include="include\ops\eager\parallel\backends\tbb\Transpose.hpp">
      <Filter>Header Files</Filter>
    </ClInclude>
    <ClInclude Include="include\ops\eager\parallel\backends\omp\Transpose.hpp">
      <Filter>Header Files</Filter>
    </ClInclude>
    <ClInclude Include="include\ops\eager\base\MatmulBase.hpp">
      <Filter>Header Files</Filter>
    </ClInclude>
    <ClInclude Include="include\ops\eager\parallel\backends\omp\Matmul.hpp">
      <Filter>Header Files</Filter>
    </ClInclude>
    <ClInclude Include="include\ops\eager\parallel\backends\tbb\Matmul.hpp">
      <Filter>Header Files</Filter>
    </ClInclude>
    <ClInclude Include="include\ops\eager\parallel\backends\stl\UnaryOP.hpp">
      <Filter>Header Files</Filter>
    </ClInclude>
    <ClInclude Include="include\ops\eager\parallel\backends\stl\BinaryOP.hpp">
      <Filter>Header Files</Filter>
    </ClInclude>
    <ClInclude Include="include\ops\eager\parallel\backends\stl\Transpose.hpp">
      <Filter>Header Files</Filter>
    </ClInclude>
    <ClInclude Include="include\ops\eager\parallel\backends\stl\Matmul.hpp">
      <Filter>Header Files</Filter>
    </ClInclude>
    <ClInclude Include="include\ops\eager\reduction\EagerArgmax.hpp">
      <Filter>Header Files</Filter>
    </ClInclude>
    <ClInclude Include="include\ops\eager\reduction\EagerArgmin.hpp">
      <Filter>Header Files</Filter>
    </ClInclude>
    <ClInclude Include="include\ops\eager\reduction\EagerMax.hpp">
      <Filter>Header Files</Filter>
    </ClInclude>
    <ClInclude Include="include\ops\eager\reduction\EagerMean.hpp">
      <Filter>Header Files</Filter>
    </ClInclude>
    <ClInclude Include="include\ops\eager\reduction\EagerMin.hpp">
      <Filter>Header Files</Filter>
    </ClInclude>
    <ClInclude Include="include\ops\eager\reduction\EagerSum.hpp">
      <Filter>Header Files</Filter>
    </ClInclude>
    <ClInclude Include="include\ops\eager\base\SumBase.hpp">
      <Filter>Header Files</Filter>
    </ClInclude>
    <ClInclude Include="include\ops\eager\parallel\backends\omp\Sum.hpp">
      <Filter>Header Files</Filter>
    </ClInclude>
    <ClInclude Include="include\ops\eager\parallel\backends\tbb\Sum.hpp">
      <Filter>Header Files</Filter>
    </ClInclude>
    <ClInclude Include="include\ops\eager\base\MaxBase.hpp">
      <Filter>Header Files</Filter>
    </ClInclude>
    <ClInclude Include="include\ops\eager\base\MinBase.hpp">
      <Filter>Header Files</Filter>
    </ClInclude>
  </ItemGroup>
</Project>