<?xml version="1.0" encoding="utf-8"?>
<Project ToolsVersion="4.0" xmlns="http://schemas.microsoft.com/developer/msbuild/2003">
  <ItemGroup>
    <Filter Include="Source Files">
      <UniqueIdentifier>{4FC737F1-C7A5-4376-A066-2A32D752A2FF}</UniqueIdentifier>
      <Extensions>cpp;c;cc;cxx;def;odl;idl;hpj;bat;asm;asmx</Extensions>
    </Filter>
    <Filter Include="Header Files">
      <UniqueIdentifier>{93995380-89BD-4b04-88EB-625FBE52EBFB}</UniqueIdentifier>
      <Extensions>h;hh;hpp;hxx;hm;inl;inc;xsd</Extensions>
    </Filter>
    <Filter Include="Resource Files">
      <UniqueIdentifier>{67DA6AB6-F800-4c08-8B7A-83BB121AAD01}</UniqueIdentifier>
      <Extensions>rc;ico;cur;bmp;dlg;rc2;rct;bin;rgs;gif;jpg;jpeg;jpe;resx;tiff;tif;png;wav;mfcribbon-ms</Extensions>
    </Filter>
  </ItemGroup>
  <ItemGroup>
    <ClCompile Include="Main.cpp">
      <Filter>Source Files</Filter>
    </ClCompile>
  </ItemGroup>
  <ItemGroup>
    <ClInclude Include="include\tml.hpp">
      <Filter>Header Files</Filter>
    </ClInclude>
    <ClInclude Include="include\matrix\Matrix.hpp">
      <Filter>Header Files</Filter>
    </ClInclude>
    <ClInclude Include="include\matrix\Shape.hpp">
      <Filter>Header Files</Filter>
    </ClInclude>
    <ClInclude Include="include\ops\lazy\Expr.hpp">
      <Filter>Header Files</Filter>
    </ClInclude>
    <ClInclude Include="include\ops\lazy\BinaryOP.hpp">
      <Filter>Header Files</Filter>
    </ClInclude>
    <ClInclude Include="include\ops\lazy\LazyOPs.hpp">
      <Filter>Header Files</Filter>
    </ClInclude>
    <ClInclude Include="include\ops\lazy\LazyEvaluation.hpp">
      <Filter>Header Files</Filter>
    </ClInclude>
    <ClInclude Include="include\ops\lazy\ScalarExpr.hpp">
      <Filter>Header Files</Filter>
    </ClInclude>
    <ClInclude Include="include\ops\lazy\UnaryOP.hpp">
      <Filter>Header Files</Filter>
    </ClInclude>
    <ClInclude Include="include\ops\lazy\unary\Abs.hpp">
      <Filter>Header Files</Filter>
    </ClInclude>
    <ClInclude Include="include\ops\lazy\binary\Add.hpp">
      <Filter>Header Files</Filter>
    </ClInclude>
    <ClInclude Include="include\ops\lazy\unary\Cos.hpp">
      <Filter>Header Files</Filter>
    </ClInclude>
    <ClInclude Include="include\ops\lazy\unary\Cosh.hpp">
      <Filter>Header Files</Filter>
    </ClInclude>
    <ClInclude Include="include\ops\lazy\unary\Cot.hpp">
      <Filter>Header Files</Filter>
    </ClInclude>
    <ClInclude Include="include\ops\lazy\binary\Div.hpp">
      <Filter>Header Files</Filter>
    </ClInclude>
    <ClInclude Include="include\ops\lazy\unary\Exp.hpp">
      <Filter>Header Files</Filter>
    </ClInclude>
    <ClInclude Include="include\ops\lazy\unary\Log.hpp">
      <Filter>Header Files</Filter>
    </ClInclude>
    <ClInclude Include="include\ops\lazy\binary\Mul.hpp">
      <Filter>Header Files</Filter>
    </ClInclude>
    <ClInclude Include="include\ops\lazy\unary\Neg.hpp">
      <Filter>Header Files</Filter>
    </ClInclude>
    <ClInclude Include="include\ops\lazy\unary\Sin.hpp">
      <Filter>Header Files</Filter>
    </ClInclude>
    <ClInclude Include="include\ops\lazy\unary\Sinh.hpp">
      <Filter>Header Files</Filter>
    </ClInclude>
    <ClInclude Include="include\ops\lazy\unary\Sqrt.hpp">
      <Filter>Header Files</Filter>
    </ClInclude>
    <ClInclude Include="include\ops\lazy\unary\Square.hpp">
      <Filter>Header Files</Filter>
    </ClInclude>
    <ClInclude Include="include\ops\lazy\binary\Sub.hpp">
      <Filter>Header Files</Filter>
    </ClInclude>
    <ClInclude Include="include\ops\lazy\unary\Tan.hpp">
      <Filter>Header Files</Filter>
    </ClInclude>
    <ClInclude Include="include\ops\lazy\unary\Tanh.hpp">
      <Filter>Header Files</Filter>
    </ClInclude>
    <ClInclude Include="include\ops\lazy\binary\Equal.hpp">
      <Filter>Header Files</Filter>
    </ClInclude>
    <ClInclude Include="include\ops\lazy\binary\NotEqual.hpp">
      <Filter>Header Files</Filter>
    </ClInclude>
    <ClInclude Include="include\ops\lazy\binary\GreaterThan.hpp">
      <Filter>Header Files</Filter>
    </ClInclude>
    <ClInclude Include="include\ops\lazy\binary\LessThan.hpp">
      <Filter>Header Files</Filter>
    </ClInclude>
    <ClInclude Include="include\ops\lazy\binary\GreaterEqualThan.hpp">
      <Filter>Header Files</Filter>
    </ClInclude>
    <ClInclude Include="include\ops\lazy\binary\LessEqualThan.hpp">
      <Filter>Header Files</Filter>
    </ClInclude>
    <ClInclude Include="include\ops\lazy\binary\Maximum.hpp">
      <Filter>Header Files</Filter>
    </ClInclude>
    <ClInclude Include="include\ops\lazy\binary\Minimum.hpp">
      <Filter>Header Files</Filter>
    </ClInclude>
    <ClInclude Include="include\ops\lazy\binary\Pow.hpp">
      <Filter>Header Files</Filter>
    </ClInclude>
    <ClInclude Include="include\ops\lazy\binary\Reshape.hpp">
      <Filter>Header Files</Filter>
    </ClInclude>
    <ClInclude Include="include\ops\lazy\ReshapeOP.hpp">
      <Filter>Header Files</Filter>
    </ClInclude>
    <ClInclude Include="include\ops\lazy\CustomLazyOP.hpp">
      <Filter>Header Files</Filter>
    </ClInclude>
    <ClInclude Include="include\ops\eager\EagerExecution.h">
      <Filter>Header Files</Filter>
    </ClInclude>
    <ClInclude Include="include\ops\eager\ExecutionPolicy.hpp">
      <Filter>Header Files</Filter>
    </ClInclude>
    <ClInclude Include="include\ops\eager\parallel\ParallelUnaryOP.hpp">
      <Filter>Header Files</Filter>
    </ClInclude>
    <ClInclude Include="include\ops\eager\parallel\ParallelBinaryOP.hpp">
      <Filter>Header Files</Filter>
    </ClInclude>
    <ClInclude Include="include\ops\eager\serial\SerialUnaryOP.hpp">
      <Filter>Header Files</Filter>
    </ClInclude>
    <ClInclude Include="include\ops\eager\EagerUnaryOPs.hpp">
      <Filter>Header Files</Filter>
    </ClInclude>
    <ClInclude Include="include\ops\eager\EagerBinaryOPs.hpp">
      <Filter>Header Files</Filter>
    </ClInclude>
    <ClInclude Include="include\ops\eager\serial\SerialBinaryOP.hpp">
      <Filter>Header Files</Filter>
    </ClInclude>
    <ClInclude Include="include\ops\eager\binary\Add.hpp">
      <Filter>Header Files</Filter>
    </ClInclude>
    <ClInclude Include="include\ops\eager\binary\Sub.hpp">
      <Filter>Header Files</Filter>
    </ClInclude>
    <ClInclude Include="include\ops\eager\binary\Mul.hpp">
      <Filter>Header Files</Filter>
    </ClInclude>
    <ClInclude Include="include\ops\eager\binary\Div.hpp">
      <Filter>Header Files</Filter>
    </ClInclude>
    <ClInclude Include="include\ops\eager\binary\Equal.hpp">
      <Filter>Header Files</Filter>
    </ClInclude>
    <ClInclude Include="include\ops\eager\binary\NotEqual.hpp">
      <Filter>Header Files</Filter>
    </ClInclude>
    <ClInclude Include="include\ops\eager\binary\GreaterThan.hpp">
      <Filter>Header Files</Filter>
    </ClInclude>
    <ClInclude Include="include\ops\eager\binary\LessThan.hpp">
      <Filter>Header Files</Filter>
    </ClInclude>
    <ClInclude Include="include\ops\eager\binary\GraterEqualThan.hpp">
      <Filter>Header Files</Filter>
    </ClInclude>
  </ItemGroup>
</Project>